
Microsoft Visual Studio Solution File, Format Version 12.00
# Visual Studio Version 16
VisualStudioVersion = 16.0.29102.190
MinimumVisualStudioVersion = 10.0.40219.1
Project("{F184B08F-C81C-45F6-A57F-5ABD9991F28F}") = "RustBundlesPreLoader", "RustBundlesPreLoader\RustBundlesPreLoader.vbproj", "{8592F14E-3A66-4AF9-8CAD-AB900D386D1E}"
EndProject
Global
	GlobalSection(SolutionConfigurationPlatforms) = preSolution
		Debug|Any CPU = Debug|Any CPU
		Release|Any CPU = Release|Any CPU
	EndGlobalSection
	GlobalSection(ProjectConfigurationPlatforms) = postSolution
		{8592F14E-3A66-4AF9-8CAD-AB900D386D1E}.Debug|Any CPU.ActiveCfg = Debug|Any CPU
		{8592F14E-3A66-4AF9-8CAD-AB900D386D1E}.Debug|Any CPU.Build.0 = Debug|Any CPU
		{8592F14E-3A66-4AF9-8CAD-AB900D386D1E}.Release|Any CPU.ActiveCfg = Release|Any CPU
		{8592F14E-3A66-4AF9-8CAD-AB900D386D1E}.Release|Any CPU.Build.0 = Release|Any CPU
	EndGlobalSection
	GlobalSection(SolutionProperties) = preSolution
		HideSolutionNode = FALSE
	EndGlobalSection
	GlobalSection(ExtensibilityGlobals) = postSolution
		SolutionGuid = {33AF25D2-4CEF-4B79-8981-EAC870A5937F}
	EndGlobalSection
EndGlobal
